// !$*UTF8*$!
{
	archiveVersion = 1;
	classes = {
	};
	objectVersion = 77;
	objects = {

/* Begin PBXBuildFile section */
		04141AFFC263A6588756F29B /* NavigationIntents.swift in Sources */ = {isa = PBXBuildFile; fileRef = B9D7B71782AB35D58BDFE964 /* NavigationIntents.swift */; };
		04D74A66E850A9A32183B0CA /* HWANGTODOCore in Frameworks */ = {isa = PBXBuildFile; productRef = A3350B988703452479B8A7E8 /* HWANGTODOCore */; };
		0C5F1A086438465DF0EE6DD5 /* CaptureSheetView.swift in Sources */ = {isa = PBXBuildFile; fileRef = 325E03D6B1BB9DEE24E6ED8D /* CaptureSheetView.swift */; };
		0C6C2A1224E065CE6EA3B9BA /* CaptureIntents.swift in Sources */ = {isa = PBXBuildFile; fileRef = 902779077C178252133BCA22 /* CaptureIntents.swift */; };
		0E1F65CEEAFA1AE74B899C49 /* HWANGTODOApp.swift in Sources */ = {isa = PBXBuildFile; fileRef = 3B349B381157A6BADE8E88D6 /* HWANGTODOApp.swift */; };
		12DFAC6CB2E1F49B33BB1AF2 /* HWANGTODODesign in Frameworks */ = {isa = PBXBuildFile; productRef = 53D5625AEF4117F80D925665 /* HWANGTODODesign */; };
		1773494E55D97AC895155F23 /* QuadrantDetailView.swift in Sources */ = {isa = PBXBuildFile; fileRef = 6F47FAB5682DA395B99EAEBB /* QuadrantDetailView.swift */; };
		1A95A3F9BA5D728857FC6963 /* OrganizeSheet.swift in Sources */ = {isa = PBXBuildFile; fileRef = 4FEE76CAA522D4CCDE46566A /* OrganizeSheet.swift */; };
		23DC9E595F2567EF3A7BB4D8 /* FocusLiveActivity.swift in Sources */ = {isa = PBXBuildFile; fileRef = B0F0F21A2B9035B7DDDF01AF /* FocusLiveActivity.swift */; };
		246D51811E643C9F8FE3CC03 /* AppShortcuts.swift in Sources */ = {isa = PBXBuildFile; fileRef = 47E11B1F9E4627ADAB52B273 /* AppShortcuts.swift */; };
		24DF41B811B124E7390206C4 /* TaskCardView.swift in Sources */ = {isa = PBXBuildFile; fileRef = 50E55CC949C16F96793F869B /* TaskCardView.swift */; };
		283424C193D2418CFE9BAECF /* MatrixView.swift in Sources */ = {isa = PBXBuildFile; fileRef = 42D8DEEB1BD53E5CDE5FA212 /* MatrixView.swift */; };
		293250BD27824F728E48C11F /* AppRouter.swift in Sources */ = {isa = PBXBuildFile; fileRef = 9123032B6BD712C35B35511A /* AppRouter.swift */; };
		2C6F0DF47D5A4A12774FB096 /* CaptureControl.swift in Sources */ = {isa = PBXBuildFile; fileRef = 843A42D9B79F42F7BA894162 /* CaptureControl.swift */; };
		301DE22467B4DFC757D7B29D /* SettingsSurface.swift in Sources */ = {isa = PBXBuildFile; fileRef = 784B37D1C83165FE93CBBD48 /* SettingsSurface.swift */; };
		339E1C0BB35CCDFC6B551A0B /* PrivacyInfo.xcprivacy in Resources */ = {isa = PBXBuildFile; fileRef = C10538432460EEC0AE508BFA /* PrivacyInfo.xcprivacy */; };
		47E23C0B6342260C7839BC7D /* TaskDetailView.swift in Sources */ = {isa = PBXBuildFile; fileRef = 65BC719CBC90770761D875BF /* TaskDetailView.swift */; };
		512733CBB4799310349128BE /* OnboardingView.swift in Sources */ = {isa = PBXBuildFile; fileRef = D026870F4F86591D102BECBF /* OnboardingView.swift */; };
		593F4071FB92E2D5B2065E90 /* HomeWidgets.swift in Sources */ = {isa = PBXBuildFile; fileRef = F79B4308D2EF5130B2341D03 /* HomeWidgets.swift */; };
		5A05D044E6F706860625D27C /* CaptureHomeView.swift in Sources */ = {isa = PBXBuildFile; fileRef = 86194E98AA0D562F6B7E6BF6 /* CaptureHomeView.swift */; };
		5E12271F67F48EBBC65E85F5 /* HWANGTODOWidgets.appex in Embed Foundation Extensions */ = {isa = PBXBuildFile; fileRef = EE57C0B8965C99C71E31DD03 /* HWANGTODOWidgets.appex */; settings = {ATTRIBUTES = (RemoveHeadersOnCopy, ); }; };
		60B0FC194AB4630FBA7BD0BB /* FocusView.swift in Sources */ = {isa = PBXBuildFile; fileRef = 007779A61577D2AC20EC95E5 /* FocusView.swift */; };
		8135D77ACCCCAFF4540E0112 /* LockScreenWidgets.swift in Sources */ = {isa = PBXBuildFile; fileRef = 5B58443774052D9A8672B857 /* LockScreenWidgets.swift */; };
		848F630E88B0E2224714D0E6 /* ChatView.swift in Sources */ = {isa = PBXBuildFile; fileRef = 3B1150AF0AC2622056808E29 /* ChatView.swift */; };
		85E3F5EA9231F2F568F6584C /* PrivacyInfo.xcprivacy in Resources */ = {isa = PBXBuildFile; fileRef = A5DBF81E84EA572A7BADF27C /* PrivacyInfo.xcprivacy */; };
		8B40EC799673D11C0532421C /* RoutineListView.swift in Sources */ = {isa = PBXBuildFile; fileRef = 2970E1B699BAD63714DBA781 /* RoutineListView.swift */; };
		93430B82A52E611AAEC0DC3A /* RootTabView.swift in Sources */ = {isa = PBXBuildFile; fileRef = DE7A5087606D36B31DEBC704 /* RootTabView.swift */; };
		938EFBAD24A53A4D1C253B24 /* HWANGTODOWidgetBundle.swift in Sources */ = {isa = PBXBuildFile; fileRef = 15EB821AEC53A21220E9AC51 /* HWANGTODOWidgetBundle.swift */; };
		94306BA0916FB970519EB180 /* FocusSessionManager.swift in Sources */ = {isa = PBXBuildFile; fileRef = C26C3399C7FBE6D81439D364 /* FocusSessionManager.swift */; };
		C53D525AC833AEF2B3B6D5AC /* NotificationManager.swift in Sources */ = {isa = PBXBuildFile; fileRef = D8EC8505CEC0B964D43E7E29 /* NotificationManager.swift */; };
		C87A7F6131FAF707B95A646E /* FocusIntents.swift in Sources */ = {isa = PBXBuildFile; fileRef = 72D141F271E282179508F6CF /* FocusIntents.swift */; };
		CD274ED316513A65F969D6A5 /* GlanceProvider.swift in Sources */ = {isa = PBXBuildFile; fileRef = A5757315E9AEA8C892D71873 /* GlanceProvider.swift */; };
		D66E86C77AF51880FBE7F043 /* SurfaceDetailSheet.swift in Sources */ = {isa = PBXBuildFile; fileRef = 9656FC5A35B4D028D9801439 /* SurfaceDetailSheet.swift */; };
		D92642D309E082D8A86390FB /* WidgetIntents.swift in Sources */ = {isa = PBXBuildFile; fileRef = EF4F78D2110D93ADD06E3D61 /* WidgetIntents.swift */; };
		DD2CDA06804D41C8CE4EE10E /* HWANGTODODesign in Frameworks */ = {isa = PBXBuildFile; productRef = E0FDBB4D7B5AF7B53AD4B516 /* HWANGTODODesign */; };
		EA380C10049315840FA10EEF /* Assets.xcassets in Resources */ = {isa = PBXBuildFile; fileRef = 08AF9048BD8710E018ACC51C /* Assets.xcassets */; };
		EDD19B86BE5166F3E654BFB6 /* ScheduleView.swift in Sources */ = {isa = PBXBuildFile; fileRef = D9B8FE9DCEDFA38D0F6FAC3A /* ScheduleView.swift */; };
		F04ECAE32DA6F917778262B3 /* CalendarService.swift in Sources */ = {isa = PBXBuildFile; fileRef = 437D9EED63AA26DA61BC884C /* CalendarService.swift */; };
		F3DCC91AC304C5FEDE2E7733 /* QuadrantCard.swift in Sources */ = {isa = PBXBuildFile; fileRef = E2CF8567E9324DA30D3FD064 /* QuadrantCard.swift */; };
		F56D66B24A989E741BD5ACC3 /* HWANGTODOCore in Frameworks */ = {isa = PBXBuildFile; productRef = 743A5EFDBF1424277DAC5084 /* HWANGTODOCore */; };
		FA2F88FE8D0E4264BD67A6C6 /* CaptureFlowUITests.swift in Sources */ = {isa = PBXBuildFile; fileRef = 90774E94BD4AF329746387A2 /* CaptureFlowUITests.swift */; };
		FAE77390BB455C2C7F9F1F22 /* SettingsChecklistView.swift in Sources */ = {isa = PBXBuildFile; fileRef = 92E4CEE4BC6B82D11A514FB1 /* SettingsChecklistView.swift */; };
		FD9D26F49318A022F72E58E1 /* SurfaceChecklistRow.swift in Sources */ = {isa = PBXBuildFile; fileRef = E119CB21BD5B62950F76E60B /* SurfaceChecklistRow.swift */; };
/* End PBXBuildFile section */

/* Begin PBXContainerItemProxy section */
		02095E97571A46C09148FA1E /* PBXContainerItemProxy */ = {
			isa = PBXContainerItemProxy;
			containerPortal = C5E69484661A7DCF23EB1773 /* Project object */;
			proxyType = 1;
			remoteGlobalIDString = 87EF04BFCCAEB019224EA0FC;
			remoteInfo = HWANGTODO;
		};
		9AA68A4367F17C1042446FA6 /* PBXContainerItemProxy */ = {
			isa = PBXContainerItemProxy;
			containerPortal = C5E69484661A7DCF23EB1773 /* Project object */;
			proxyType = 1;
			remoteGlobalIDString = 08F3E0D3AA881880CB9E6A7A;
			remoteInfo = HWANGTODOWidgets;
		};
/* End PBXContainerItemProxy section */

/* Begin PBXCopyFilesBuildPhase section */
		6256B447BCBEAA80DEE7A4AE /* Embed Foundation Extensions */ = {
			isa = PBXCopyFilesBuildPhase;
			buildActionMask = 2147483647;
			dstPath = "";
			dstSubfolderSpec = 13;
			files = (
				5E12271F67F48EBBC65E85F5 /* HWANGTODOWidgets.appex in Embed Foundation Extensions */,
			);
			name = "Embed Foundation Extensions";
			runOnlyForDeploymentPostprocessing = 0;
		};
/* End PBXCopyFilesBuildPhase section */

/* Begin PBXFileReference section */
		007779A61577D2AC20EC95E5 /* FocusView.swift */ = {isa = PBXFileReference; lastKnownFileType = sourcecode.swift; path = FocusView.swift; sourceTree = "<group>"; };
		08AF9048BD8710E018ACC51C /* Assets.xcassets */ = {isa = PBXFileReference; lastKnownFileType = folder.assetcatalog; path = Assets.xcassets; sourceTree = "<group>"; };
		15EB821AEC53A21220E9AC51 /* HWANGTODOWidgetBundle.swift */ = {isa = PBXFileReference; lastKnownFileType = sourcecode.swift; path = HWANGTODOWidgetBundle.swift; sourceTree = "<group>"; };
		27E86043EF1385C75BF4485E /* HWANGTODOWidgets.entitlements */ = {isa = PBXFileReference; lastKnownFileType = text.plist.entitlements; path = HWANGTODOWidgets.entitlements; sourceTree = "<group>"; };
		2970E1B699BAD63714DBA781 /* RoutineListView.swift */ = {isa = PBXFileReference; lastKnownFileType = sourcecode.swift; path = RoutineListView.swift; sourceTree = "<group>"; };
		325E03D6B1BB9DEE24E6ED8D /* CaptureSheetView.swift */ = {isa = PBXFileReference; lastKnownFileType = sourcecode.swift; path = CaptureSheetView.swift; sourceTree = "<group>"; };
		3B1150AF0AC2622056808E29 /* ChatView.swift */ = {isa = PBXFileReference; lastKnownFileType = sourcecode.swift; path = ChatView.swift; sourceTree = "<group>"; };
		3B349B381157A6BADE8E88D6 /* HWANGTODOApp.swift */ = {isa = PBXFileReference; lastKnownFileType = sourcecode.swift; path = HWANGTODOApp.swift; sourceTree = "<group>"; };
		42D8DEEB1BD53E5CDE5FA212 /* MatrixView.swift */ = {isa = PBXFileReference; lastKnownFileType = sourcecode.swift; path = MatrixView.swift; sourceTree = "<group>"; };
		437D9EED63AA26DA61BC884C /* CalendarService.swift */ = {isa = PBXFileReference; lastKnownFileType = sourcecode.swift; path = CalendarService.swift; sourceTree = "<group>"; };
		47E11B1F9E4627ADAB52B273 /* AppShortcuts.swift */ = {isa = PBXFileReference; lastKnownFileType = sourcecode.swift; path = AppShortcuts.swift; sourceTree = "<group>"; };
		4FEE76CAA522D4CCDE46566A /* OrganizeSheet.swift */ = {isa = PBXFileReference; lastKnownFileType = sourcecode.swift; path = OrganizeSheet.swift; sourceTree = "<group>"; };
		50E55CC949C16F96793F869B /* TaskCardView.swift */ = {isa = PBXFileReference; lastKnownFileType = sourcecode.swift; path = TaskCardView.swift; sourceTree = "<group>"; };
		5B58443774052D9A8672B857 /* LockScreenWidgets.swift */ = {isa = PBXFileReference; lastKnownFileType = sourcecode.swift; path = LockScreenWidgets.swift; sourceTree = "<group>"; };
		65BC719CBC90770761D875BF /* TaskDetailView.swift */ = {isa = PBXFileReference; lastKnownFileType = sourcecode.swift; path = TaskDetailView.swift; sourceTree = "<group>"; };
		6F47FAB5682DA395B99EAEBB /* QuadrantDetailView.swift */ = {isa = PBXFileReference; lastKnownFileType = sourcecode.swift; path = QuadrantDetailView.swift; sourceTree = "<group>"; };
		72D141F271E282179508F6CF /* FocusIntents.swift */ = {isa = PBXFileReference; lastKnownFileType = sourcecode.swift; path = FocusIntents.swift; sourceTree = "<group>"; };
		784B37D1C83165FE93CBBD48 /* SettingsSurface.swift */ = {isa = PBXFileReference; lastKnownFileType = sourcecode.swift; path = SettingsSurface.swift; sourceTree = "<group>"; };
		843A42D9B79F42F7BA894162 /* CaptureControl.swift */ = {isa = PBXFileReference; lastKnownFileType = sourcecode.swift; path = CaptureControl.swift; sourceTree = "<group>"; };
		86194E98AA0D562F6B7E6BF6 /* CaptureHomeView.swift */ = {isa = PBXFileReference; lastKnownFileType = sourcecode.swift; path = CaptureHomeView.swift; sourceTree = "<group>"; };
		8A66B37B67CDF0B000AC2CAF /* HWANGTODO.entitlements */ = {isa = PBXFileReference; lastKnownFileType = text.plist.entitlements; path = HWANGTODO.entitlements; sourceTree = "<group>"; };
		902779077C178252133BCA22 /* CaptureIntents.swift */ = {isa = PBXFileReference; lastKnownFileType = sourcecode.swift; path = CaptureIntents.swift; sourceTree = "<group>"; };
		90774E94BD4AF329746387A2 /* CaptureFlowUITests.swift */ = {isa = PBXFileReference; lastKnownFileType = sourcecode.swift; path = CaptureFlowUITests.swift; sourceTree = "<group>"; };
		9123032B6BD712C35B35511A /* AppRouter.swift */ = {isa = PBXFileReference; lastKnownFileType = sourcecode.swift; path = AppRouter.swift; sourceTree = "<group>"; };
		92E4CEE4BC6B82D11A514FB1 /* SettingsChecklistView.swift */ = {isa = PBXFileReference; lastKnownFileType = sourcecode.swift; path = SettingsChecklistView.swift; sourceTree = "<group>"; };
		9656FC5A35B4D028D9801439 /* SurfaceDetailSheet.swift */ = {isa = PBXFileReference; lastKnownFileType = sourcecode.swift; path = SurfaceDetailSheet.swift; sourceTree = "<group>"; };
		978AC44EF9E1FEE3BCBC1298 /* Info.plist */ = {isa = PBXFileReference; lastKnownFileType = text.plist; path = Info.plist; sourceTree = "<group>"; };
		A1290A3D98C77162989C250A /* HWANGTODO.app */ = {isa = PBXFileReference; includeInIndex = 0; lastKnownFileType = wrapper.application; path = HWANGTODO.app; sourceTree = BUILT_PRODUCTS_DIR; };
		A5757315E9AEA8C892D71873 /* GlanceProvider.swift */ = {isa = PBXFileReference; lastKnownFileType = sourcecode.swift; path = GlanceProvider.swift; sourceTree = "<group>"; };
		A5DBF81E84EA572A7BADF27C /* PrivacyInfo.xcprivacy */ = {isa = PBXFileReference; path = PrivacyInfo.xcprivacy; sourceTree = "<group>"; };
		B0F0F21A2B9035B7DDDF01AF /* FocusLiveActivity.swift */ = {isa = PBXFileReference; lastKnownFileType = sourcecode.swift; path = FocusLiveActivity.swift; sourceTree = "<group>"; };
		B9D7B71782AB35D58BDFE964 /* NavigationIntents.swift */ = {isa = PBXFileReference; lastKnownFileType = sourcecode.swift; path = NavigationIntents.swift; sourceTree = "<group>"; };
		BCD3538573B5A881C99DCDC2 /* HWANGTODOKit */ = {isa = PBXFileReference; lastKnownFileType = folder; name = HWANGTODOKit; path = Packages/HWANGTODOKit; sourceTree = SOURCE_ROOT; };
		C10538432460EEC0AE508BFA /* PrivacyInfo.xcprivacy */ = {isa = PBXFileReference; path = PrivacyInfo.xcprivacy; sourceTree = "<group>"; };
		C26C3399C7FBE6D81439D364 /* FocusSessionManager.swift */ = {isa = PBXFileReference; lastKnownFileType = sourcecode.swift; path = FocusSessionManager.swift; sourceTree = "<group>"; };
		D026870F4F86591D102BECBF /* OnboardingView.swift */ = {isa = PBXFileReference; lastKnownFileType = sourcecode.swift; path = OnboardingView.swift; sourceTree = "<group>"; };
		D8EC8505CEC0B964D43E7E29 /* NotificationManager.swift */ = {isa = PBXFileReference; lastKnownFileType = sourcecode.swift; path = NotificationManager.swift; sourceTree = "<group>"; };
		D9B8FE9DCEDFA38D0F6FAC3A /* ScheduleView.swift */ = {isa = PBXFileReference; lastKnownFileType = sourcecode.swift; path = ScheduleView.swift; sourceTree = "<group>"; };
		DE7A5087606D36B31DEBC704 /* RootTabView.swift */ = {isa = PBXFileReference; lastKnownFileType = sourcecode.swift; path = RootTabView.swift; sourceTree = "<group>"; };
		DFE9010DC8B5FF0ED0ADCE6C /* Info.plist */ = {isa = PBXFileReference; lastKnownFileType = text.plist; path = Info.plist; sourceTree = "<group>"; };
		E119CB21BD5B62950F76E60B /* SurfaceChecklistRow.swift */ = {isa = PBXFileReference; lastKnownFileType = sourcecode.swift; path = SurfaceChecklistRow.swift; sourceTree = "<group>"; };
		E2CF8567E9324DA30D3FD064 /* QuadrantCard.swift */ = {isa = PBXFileReference; lastKnownFileType = sourcecode.swift; path = QuadrantCard.swift; sourceTree = "<group>"; };
		EE57C0B8965C99C71E31DD03 /* HWANGTODOWidgets.appex */ = {isa = PBXFileReference; includeInIndex = 0; lastKnownFileType = "wrapper.app-extension"; path = HWANGTODOWidgets.appex; sourceTree = BUILT_PRODUCTS_DIR; };
		EF4F78D2110D93ADD06E3D61 /* WidgetIntents.swift */ = {isa = PBXFileReference; lastKnownFileType = sourcecode.swift; path = WidgetIntents.swift; sourceTree = "<group>"; };
		F1FBB9B8F80F9BD4A0698C97 /* HWANGTODOUITests.xctest */ = {isa = PBXFileReference; includeInIndex = 0; lastKnownFileType = wrapper.cfbundle; path = HWANGTODOUITests.xctest; sourceTree = BUILT_PRODUCTS_DIR; };
		F79B4308D2EF5130B2341D03 /* HomeWidgets.swift */ = {isa = PBXFileReference; lastKnownFileType = sourcecode.swift; path = HomeWidgets.swift; sourceTree = "<group>"; };
/* End PBXFileReference section */

/* Begin PBXFrameworksBuildPhase section */
		0957ECF5862628D7081776A7 /* Frameworks */ = {
			isa = PBXFrameworksBuildPhase;
			buildActionMask = 2147483647;
			files = (
				04D74A66E850A9A32183B0CA /* HWANGTODOCore in Frameworks */,
				DD2CDA06804D41C8CE4EE10E /* HWANGTODODesign in Frameworks */,
			);
			runOnlyForDeploymentPostprocessing = 0;
		};
		CC2F8EE8789B6E5A62A371A3 /* Frameworks */ = {
			isa = PBXFrameworksBuildPhase;
			buildActionMask = 2147483647;
			files = (
				F56D66B24A989E741BD5ACC3 /* HWANGTODOCore in Frameworks */,
				12DFAC6CB2E1F49B33BB1AF2 /* HWANGTODODesign in Frameworks */,
			);
			runOnlyForDeploymentPostprocessing = 0;
		};
/* End PBXFrameworksBuildPhase section */

/* Begin PBXGroup section */
		016E98D046B1A9F79B0B7007 /* Matrix */ = {
			isa = PBXGroup;
			children = (
				42D8DEEB1BD53E5CDE5FA212 /* MatrixView.swift */,
				E2CF8567E9324DA30D3FD064 /* QuadrantCard.swift */,
				6F47FAB5682DA395B99EAEBB /* QuadrantDetailView.swift */,
			);
			path = Matrix;
			sourceTree = "<group>";
		};
		0C195050EAFD84FB5213F497 = {
			isa = PBXGroup;
			children = (
				527F2B354D2BE0C987167233 /* Packages */,
				A2B676374F31CF3DFA2C19D1 /* Sources */,
				695041DBC063BDF70F4B17B9 /* Tests */,
				59ABBAF13A8DAD41031B09B3 /* Products */,
			);
			sourceTree = "<group>";
		};
		3478E6D2D25BEA47FA8E6885 /* Services */ = {
			isa = PBXGroup;
			children = (
				437D9EED63AA26DA61BC884C /* CalendarService.swift */,
				C26C3399C7FBE6D81439D364 /* FocusSessionManager.swift */,
				D8EC8505CEC0B964D43E7E29 /* NotificationManager.swift */,
			);
			path = Services;
			sourceTree = "<group>";
		};
		527F2B354D2BE0C987167233 /* Packages */ = {
			isa = PBXGroup;
			children = (
				BCD3538573B5A881C99DCDC2 /* HWANGTODOKit */,
			);
			path = Packages;
			sourceTree = "<group>";
		};
		59ABBAF13A8DAD41031B09B3 /* Products */ = {
			isa = PBXGroup;
			children = (
				A1290A3D98C77162989C250A /* HWANGTODO.app */,
				F1FBB9B8F80F9BD4A0698C97 /* HWANGTODOUITests.xctest */,
				EE57C0B8965C99C71E31DD03 /* HWANGTODOWidgets.appex */,
			);
			name = Products;
			sourceTree = "<group>";
		};
		65C11BAF5E6103B2447FF11A /* Settings */ = {
			isa = PBXGroup;
			children = (
				784B37D1C83165FE93CBBD48 /* SettingsSurface.swift */,
				E119CB21BD5B62950F76E60B /* SurfaceChecklistRow.swift */,
				9656FC5A35B4D028D9801439 /* SurfaceDetailSheet.swift */,
			);
			path = Settings;
			sourceTree = "<group>";
		};
		695041DBC063BDF70F4B17B9 /* Tests */ = {
			isa = PBXGroup;
			children = (
				E1E494809ACE8EE52DB27EA6 /* UITests */,
			);
			path = Tests;
			sourceTree = "<group>";
		};
		77BDF6021F4D262D6AD32F2D /* Components */ = {
			isa = PBXGroup;
			children = (
				50E55CC949C16F96793F869B /* TaskCardView.swift */,
			);
			path = Components;
			sourceTree = "<group>";
		};
		A2B676374F31CF3DFA2C19D1 /* Sources */ = {
			isa = PBXGroup;
			children = (
				DFE6F7B6B09381B23A01699A /* App */,
				C8E70A76300B8D7E9812355B /* Widgets */,
			);
			path = Sources;
			sourceTree = "<group>";
		};
		BAD63FECEB0EDA64F645B923 /* Views */ = {
			isa = PBXGroup;
			children = (
				86194E98AA0D562F6B7E6BF6 /* CaptureHomeView.swift */,
				325E03D6B1BB9DEE24E6ED8D /* CaptureSheetView.swift */,
				3B1150AF0AC2622056808E29 /* ChatView.swift */,
				007779A61577D2AC20EC95E5 /* FocusView.swift */,
				D026870F4F86591D102BECBF /* OnboardingView.swift */,
				4FEE76CAA522D4CCDE46566A /* OrganizeSheet.swift */,
				DE7A5087606D36B31DEBC704 /* RootTabView.swift */,
				2970E1B699BAD63714DBA781 /* RoutineListView.swift */,
				D9B8FE9DCEDFA38D0F6FAC3A /* ScheduleView.swift */,
				92E4CEE4BC6B82D11A514FB1 /* SettingsChecklistView.swift */,
				65BC719CBC90770761D875BF /* TaskDetailView.swift */,
				77BDF6021F4D262D6AD32F2D /* Components */,
				016E98D046B1A9F79B0B7007 /* Matrix */,
				65C11BAF5E6103B2447FF11A /* Settings */,
			);
			path = Views;
			sourceTree = "<group>";
		};
		C8E70A76300B8D7E9812355B /* Widgets */ = {
			isa = PBXGroup;
			children = (
				843A42D9B79F42F7BA894162 /* CaptureControl.swift */,
				B0F0F21A2B9035B7DDDF01AF /* FocusLiveActivity.swift */,
				A5757315E9AEA8C892D71873 /* GlanceProvider.swift */,
				F79B4308D2EF5130B2341D03 /* HomeWidgets.swift */,
				15EB821AEC53A21220E9AC51 /* HWANGTODOWidgetBundle.swift */,
				27E86043EF1385C75BF4485E /* HWANGTODOWidgets.entitlements */,
				DFE9010DC8B5FF0ED0ADCE6C /* Info.plist */,
				5B58443774052D9A8672B857 /* LockScreenWidgets.swift */,
				A5DBF81E84EA572A7BADF27C /* PrivacyInfo.xcprivacy */,
				EF4F78D2110D93ADD06E3D61 /* WidgetIntents.swift */,
			);
			path = Widgets;
			sourceTree = "<group>";
		};
		DFE6F7B6B09381B23A01699A /* App */ = {
			isa = PBXGroup;
			children = (
				9123032B6BD712C35B35511A /* AppRouter.swift */,
				08AF9048BD8710E018ACC51C /* Assets.xcassets */,
				8A66B37B67CDF0B000AC2CAF /* HWANGTODO.entitlements */,
				3B349B381157A6BADE8E88D6 /* HWANGTODOApp.swift */,
				978AC44EF9E1FEE3BCBC1298 /* Info.plist */,
				C10538432460EEC0AE508BFA /* PrivacyInfo.xcprivacy */,
				EA2E97EDC9297DB3182C4C9E /* Intents */,
				3478E6D2D25BEA47FA8E6885 /* Services */,
				BAD63FECEB0EDA64F645B923 /* Views */,
			);
			path = App;
			sourceTree = "<group>";
		};
		E1E494809ACE8EE52DB27EA6 /* UITests */ = {
			isa = PBXGroup;
			children = (
				90774E94BD4AF329746387A2 /* CaptureFlowUITests.swift */,
			);
			path = UITests;
			sourceTree = "<group>";
		};
		EA2E97EDC9297DB3182C4C9E /* Intents */ = {
			isa = PBXGroup;
			children = (
				47E11B1F9E4627ADAB52B273 /* AppShortcuts.swift */,
				902779077C178252133BCA22 /* CaptureIntents.swift */,
				72D141F271E282179508F6CF /* FocusIntents.swift */,
				B9D7B71782AB35D58BDFE964 /* NavigationIntents.swift */,
			);
			path = Intents;
			sourceTree = "<group>";
		};
/* End PBXGroup section */

/* Begin PBXNativeTarget section */
		08F3E0D3AA881880CB9E6A7A /* HWANGTODOWidgets */ = {
			isa = PBXNativeTarget;
			buildConfigurationList = D1EEEC8508AD43C796C45C23 /* Build configuration list for PBXNativeTarget "HWANGTODOWidgets" */;
			buildPhases = (
				158C531F022CE6507A11144B /* Sources */,
				8C8D82E886643A9BAAE7B99C /* Resources */,
				0957ECF5862628D7081776A7 /* Frameworks */,
			);
			buildRules = (
			);
			dependencies = (
			);
			name = HWANGTODOWidgets;
			packageProductDependencies = (
				A3350B988703452479B8A7E8 /* HWANGTODOCore */,
				E0FDBB4D7B5AF7B53AD4B516 /* HWANGTODODesign */,
			);
			productName = HWANGTODOWidgets;
			productReference = EE57C0B8965C99C71E31DD03 /* HWANGTODOWidgets.appex */;
			productType = "com.apple.product-type.app-extension";
		};
		87EF04BFCCAEB019224EA0FC /* HWANGTODO */ = {
			isa = PBXNativeTarget;
			buildConfigurationList = AA9EB44B74753DAC6FF4B293 /* Build configuration list for PBXNativeTarget "HWANGTODO" */;
			buildPhases = (
				8845D00C50C15160FBE7DA85 /* Sources */,
				D2C268537D7757E6B9F35A9D /* Resources */,
				CC2F8EE8789B6E5A62A371A3 /* Frameworks */,
				6256B447BCBEAA80DEE7A4AE /* Embed Foundation Extensions */,
			);
			buildRules = (
			);
			dependencies = (
				718F6A3742E0E8E665FAA10A /* PBXTargetDependency */,
			);
			name = HWANGTODO;
			packageProductDependencies = (
				743A5EFDBF1424277DAC5084 /* HWANGTODOCore */,
				53D5625AEF4117F80D925665 /* HWANGTODODesign */,
			);
			productName = HWANGTODO;
			productReference = A1290A3D98C77162989C250A /* HWANGTODO.app */;
			productType = "com.apple.product-type.application";
		};
		99A2338A6D244B818715BED3 /* HWANGTODOUITests */ = {
			isa = PBXNativeTarget;
			buildConfigurationList = C041B808CF30283BC67D174E /* Build configuration list for PBXNativeTarget "HWANGTODOUITests" */;
			buildPhases = (
				76B32CD20A01355DB490868C /* Sources */,
			);
			buildRules = (
			);
			dependencies = (
				76C197AD45CE0A8F87893DBA /* PBXTargetDependency */,
			);
			name = HWANGTODOUITests;
			packageProductDependencies = (
			);
			productName = HWANGTODOUITests;
			productReference = F1FBB9B8F80F9BD4A0698C97 /* HWANGTODOUITests.xctest */;
			productType = "com.apple.product-type.bundle.ui-testing";
		};
/* End PBXNativeTarget section */

/* Begin PBXProject section */
		C5E69484661A7DCF23EB1773 /* Project object */ = {
			isa = PBXProject;
			attributes = {
				BuildIndependentTargetsInParallel = YES;
				LastUpgradeCheck = 1430;
				TargetAttributes = {
					08F3E0D3AA881880CB9E6A7A = {
						ProvisioningStyle = Manual;
					};
					87EF04BFCCAEB019224EA0FC = {
						ProvisioningStyle = Manual;
					};
					99A2338A6D244B818715BED3 = {
						ProvisioningStyle = Manual;
						TestTargetID = 87EF04BFCCAEB019224EA0FC;
					};
				};
			};
			buildConfigurationList = 11ACFA1DC2F5899B9A8AB140 /* Build configuration list for PBXProject "HWANGTODO" */;
			developmentRegion = en;
			hasScannedForEncodings = 0;
			knownRegions = (
				Base,
				en,
			);
			mainGroup = 0C195050EAFD84FB5213F497;
			minimizedProjectReferenceProxies = 1;
			packageReferences = (
				9F978E924E2613F6C1601D24 /* XCLocalSwiftPackageReference "Packages/HWANGTODOKit" */,
			);
			preferredProjectObjectVersion = 77;
			productRefGroup = 59ABBAF13A8DAD41031B09B3 /* Products */;
			projectDirPath = "";
			projectRoot = "";
			targets = (
				87EF04BFCCAEB019224EA0FC /* HWANGTODO */,
				99A2338A6D244B818715BED3 /* HWANGTODOUITests */,
				08F3E0D3AA881880CB9E6A7A /* HWANGTODOWidgets */,
			);
		};
/* End PBXProject section */

/* Begin PBXResourcesBuildPhase section */
		8C8D82E886643A9BAAE7B99C /* Resources */ = {
			isa = PBXResourcesBuildPhase;
			buildActionMask = 2147483647;
			files = (
				85E3F5EA9231F2F568F6584C /* PrivacyInfo.xcprivacy in Resources */,
			);
			runOnlyForDeploymentPostprocessing = 0;
		};
		D2C268537D7757E6B9F35A9D /* Resources */ = {
			isa = PBXResourcesBuildPhase;
			buildActionMask = 2147483647;
			files = (
				EA380C10049315840FA10EEF /* Assets.xcassets in Resources */,
				339E1C0BB35CCDFC6B551A0B /* PrivacyInfo.xcprivacy in Resources */,
			);
			runOnlyForDeploymentPostprocessing = 0;
		};
/* End PBXResourcesBuildPhase section */

/* Begin PBXSourcesBuildPhase section */
		158C531F022CE6507A11144B /* Sources */ = {
			isa = PBXSourcesBuildPhase;
			buildActionMask = 2147483647;
			files = (
				2C6F0DF47D5A4A12774FB096 /* CaptureControl.swift in Sources */,
				23DC9E595F2567EF3A7BB4D8 /* FocusLiveActivity.swift in Sources */,
				CD274ED316513A65F969D6A5 /* GlanceProvider.swift in Sources */,
				938EFBAD24A53A4D1C253B24 /* HWANGTODOWidgetBundle.swift in Sources */,
				593F4071FB92E2D5B2065E90 /* HomeWidgets.swift in Sources */,
				8135D77ACCCCAFF4540E0112 /* LockScreenWidgets.swift in Sources */,
				D92642D309E082D8A86390FB /* WidgetIntents.swift in Sources */,
			);
			runOnlyForDeploymentPostprocessing = 0;
		};
		76B32CD20A01355DB490868C /* Sources */ = {
			isa = PBXSourcesBuildPhase;
			buildActionMask = 2147483647;
			files = (
				FA2F88FE8D0E4264BD67A6C6 /* CaptureFlowUITests.swift in Sources */,
			);
			runOnlyForDeploymentPostprocessing = 0;
		};
		8845D00C50C15160FBE7DA85 /* Sources */ = {
			isa = PBXSourcesBuildPhase;
			buildActionMask = 2147483647;
			files = (
				293250BD27824F728E48C11F /* AppRouter.swift in Sources */,
				246D51811E643C9F8FE3CC03 /* AppShortcuts.swift in Sources */,
				F04ECAE32DA6F917778262B3 /* CalendarService.swift in Sources */,
				5A05D044E6F706860625D27C /* CaptureHomeView.swift in Sources */,
				0C6C2A1224E065CE6EA3B9BA /* CaptureIntents.swift in Sources */,
				0C5F1A086438465DF0EE6DD5 /* CaptureSheetView.swift in Sources */,
				848F630E88B0E2224714D0E6 /* ChatView.swift in Sources */,
				C87A7F6131FAF707B95A646E /* FocusIntents.swift in Sources */,
				94306BA0916FB970519EB180 /* FocusSessionManager.swift in Sources */,
				60B0FC194AB4630FBA7BD0BB /* FocusView.swift in Sources */,
				0E1F65CEEAFA1AE74B899C49 /* HWANGTODOApp.swift in Sources */,
				283424C193D2418CFE9BAECF /* MatrixView.swift in Sources */,
				04141AFFC263A6588756F29B /* NavigationIntents.swift in Sources */,
				C53D525AC833AEF2B3B6D5AC /* NotificationManager.swift in Sources */,
				512733CBB4799310349128BE /* OnboardingView.swift in Sources */,
				1A95A3F9BA5D728857FC6963 /* OrganizeSheet.swift in Sources */,
				F3DCC91AC304C5FEDE2E7733 /* QuadrantCard.swift in Sources */,
				1773494E55D97AC895155F23 /* QuadrantDetailView.swift in Sources */,
				93430B82A52E611AAEC0DC3A /* RootTabView.swift in Sources */,
				8B40EC799673D11C0532421C /* RoutineListView.swift in Sources */,
				EDD19B86BE5166F3E654BFB6 /* ScheduleView.swift in Sources */,
				FAE77390BB455C2C7F9F1F22 /* SettingsChecklistView.swift in Sources */,
				301DE22467B4DFC757D7B29D /* SettingsSurface.swift in Sources */,
				FD9D26F49318A022F72E58E1 /* SurfaceChecklistRow.swift in Sources */,
				D66E86C77AF51880FBE7F043 /* SurfaceDetailSheet.swift in Sources */,
				24DF41B811B124E7390206C4 /* TaskCardView.swift in Sources */,
				47E23C0B6342260C7839BC7D /* TaskDetailView.swift in Sources */,
			);
			runOnlyForDeploymentPostprocessing = 0;
		};
/* End PBXSourcesBuildPhase section */

/* Begin PBXTargetDependency section */
		718F6A3742E0E8E665FAA10A /* PBXTargetDependency */ = {
			isa = PBXTargetDependency;
			target = 08F3E0D3AA881880CB9E6A7A /* HWANGTODOWidgets */;
			targetProxy = 9AA68A4367F17C1042446FA6 /* PBXContainerItemProxy */;
		};
		76C197AD45CE0A8F87893DBA /* PBXTargetDependency */ = {
			isa = PBXTargetDependency;
			target = 87EF04BFCCAEB019224EA0FC /* HWANGTODO */;
			targetProxy = 02095E97571A46C09148FA1E /* PBXContainerItemProxy */;
		};
/* End PBXTargetDependency section */

/* Begin XCBuildConfiguration section */
		01C47BE8ACAB699FF1FBD397 /* Debug */ = {
			isa = XCBuildConfiguration;
			buildSettings = {
				BUNDLE_LOADER = "$(TEST_HOST)";
				GENERATE_INFOPLIST_FILE = YES;
				LD_RUNPATH_SEARCH_PATHS = (
					"$(inherited)",
					"@executable_path/Frameworks",
					"@loader_path/Frameworks",
				);
				PRODUCT_BUNDLE_IDENTIFIER = com.hwangtodo.app.uitests;
				SDKROOT = iphoneos;
				SWIFT_DEFAULT_ACTOR_ISOLATION = nonisolated;
				TARGETED_DEVICE_FAMILY = "1,2";
				TEST_TARGET_NAME = HWANGTODO;
			};
			name = Debug;
		};
		037877EE3FBF95676C39DE25 /* Debug */ = {
			isa = XCBuildConfiguration;
			buildSettings = {
				ALWAYS_SEARCH_USER_PATHS = NO;
				CLANG_ANALYZER_NONNULL = YES;
				CLANG_ANALYZER_NUMBER_OBJECT_CONVERSION = YES_AGGRESSIVE;
				CLANG_CXX_LANGUAGE_STANDARD = "gnu++14";
				CLANG_CXX_LIBRARY = "libc++";
				CLANG_ENABLE_MODULES = YES;
				CLANG_ENABLE_OBJC_ARC = YES;
				CLANG_ENABLE_OBJC_WEAK = YES;
				CLANG_WARN_BLOCK_CAPTURE_AUTORELEASING = YES;
				CLANG_WARN_BOOL_CONVERSION = YES;
				CLANG_WARN_COMMA = YES;
				CLANG_WARN_CONSTANT_CONVERSION = YES;
				CLANG_WARN_DEPRECATED_OBJC_IMPLEMENTATIONS = YES;
				CLANG_WARN_DIRECT_OBJC_ISA_USAGE = YES_ERROR;
				CLANG_WARN_DOCUMENTATION_COMMENTS = YES;
				CLANG_WARN_EMPTY_BODY = YES;
				CLANG_WARN_ENUM_CONVERSION = YES;
				CLANG_WARN_INFINITE_RECURSION = YES;
				CLANG_WARN_INT_CONVERSION = YES;
				CLANG_WARN_NON_LITERAL_NULL_CONVERSION = YES;
				CLANG_WARN_OBJC_IMPLICIT_RETAIN_SELF = YES;
				CLANG_WARN_OBJC_LITERAL_CONVERSION = YES;
				CLANG_WARN_OBJC_ROOT_CLASS = YES_ERROR;
				CLANG_WARN_QUOTED_INCLUDE_IN_FRAMEWORK_HEADER = YES;
				CLANG_WARN_RANGE_LOOP_ANALYSIS = YES;
				CLANG_WARN_STRICT_PROTOTYPES = YES;
				CLANG_WARN_SUSPICIOUS_MOVE = YES;
				CLANG_WARN_UNGUARDED_AVAILABILITY = YES_AGGRESSIVE;
				CLANG_WARN_UNREACHABLE_CODE = YES;
				CLANG_WARN__DUPLICATE_METHOD_MATCH = YES;
				CODE_SIGN_STYLE = Manual;
				COPY_PHASE_STRIP = NO;
				CURRENT_PROJECT_VERSION = 1;
				DEBUG_INFORMATION_FORMAT = dwarf;
				ENABLE_STRICT_OBJC_MSGSEND = YES;
				ENABLE_TESTABILITY = YES;
				ENABLE_USER_SCRIPT_SANDBOXING = YES;
				GCC_C_LANGUAGE_STANDARD = gnu11;
				GCC_DYNAMIC_NO_PIC = NO;
				GCC_NO_COMMON_BLOCKS = YES;
				GCC_OPTIMIZATION_LEVEL = 0;
				GCC_PREPROCESSOR_DEFINITIONS = (
					"$(inherited)",
					"DEBUG=1",
				);
				GCC_WARN_64_TO_32_BIT_CONVERSION = YES;
				GCC_WARN_ABOUT_RETURN_TYPE = YES_ERROR;
				GCC_WARN_UNDECLARED_SELECTOR = YES;
				GCC_WARN_UNINITIALIZED_AUTOS = YES_AGGRESSIVE;
				GCC_WARN_UNUSED_FUNCTION = YES;
				GCC_WARN_UNUSED_VARIABLE = YES;
				INFOPLIST_OUTPUT_FORMAT = xml;
				IPHONEOS_DEPLOYMENT_TARGET = 26.0;
				MARKETING_VERSION = 1.0;
				MTL_ENABLE_DEBUG_INFO = INCLUDE_SOURCE;
				MTL_FAST_MATH = YES;
				ONLY_ACTIVE_ARCH = YES;
				PRODUCT_NAME = "$(TARGET_NAME)";
				PROVISIONING_PROFILE_SPECIFIER = "";
				SDKROOT = iphoneos;
				SWIFT_ACTIVE_COMPILATION_CONDITIONS = DEBUG;
				SWIFT_APPROACHABLE_CONCURRENCY = YES;
				SWIFT_DEFAULT_ACTOR_ISOLATION = MainActor;
				SWIFT_OPTIMIZATION_LEVEL = "-Onone";
				SWIFT_STRICT_CONCURRENCY = complete;
				SWIFT_VERSION = 6.0;
				TARGETED_DEVICE_FAMILY = "1,2";
			};
			name = Debug;
		};
		0BA96072A1FF0FC522BF42BA /* Debug */ = {
			isa = XCBuildConfiguration;
			buildSettings = {
				CODE_SIGN_ENTITLEMENTS = Sources/Widgets/HWANGTODOWidgets.entitlements;
				INFOPLIST_FILE = Sources/Widgets/Info.plist;
				LD_RUNPATH_SEARCH_PATHS = (
					"$(inherited)",
					"@executable_path/Frameworks",
					"@executable_path/../../Frameworks",
				);
				PRODUCT_BUNDLE_IDENTIFIER = com.hwangtodo.app.widgets;
				SDKROOT = iphoneos;
				SKIP_INSTALL = YES;
				SWIFT_DEFAULT_ACTOR_ISOLATION = nonisolated;
				TARGETED_DEVICE_FAMILY = "1,2";
			};
			name = Debug;
		};
		5D840BC5982730801CA071DF /* Release */ = {
			isa = XCBuildConfiguration;
			buildSettings = {
				ASSETCATALOG_COMPILER_APPICON_NAME = AppIcon;
				ASSETCATALOG_COMPILER_GLOBAL_ACCENT_COLOR_NAME = AccentColor;
				CODE_SIGN_ENTITLEMENTS = Sources/App/HWANGTODO.entitlements;
				CODE_SIGN_IDENTITY = "iPhone Developer";
				INFOPLIST_FILE = Sources/App/Info.plist;
				LD_RUNPATH_SEARCH_PATHS = (
					"$(inherited)",
					"@executable_path/Frameworks",
				);
				PRODUCT_BUNDLE_IDENTIFIER = com.hwangtodo.app;
				SDKROOT = iphoneos;
				TARGETED_DEVICE_FAMILY = "1,2";
			};
			name = Release;
		};
		843D0FA7FCE6832BA5A56B65 /* Release */ = {
			isa = XCBuildConfiguration;
			buildSettings = {
				BUNDLE_LOADER = "$(TEST_HOST)";
				GENERATE_INFOPLIST_FILE = YES;
				LD_RUNPATH_SEARCH_PATHS = (
					"$(inherited)",
					"@executable_path/Frameworks",
					"@loader_path/Frameworks",
				);
				PRODUCT_BUNDLE_IDENTIFIER = com.hwangtodo.app.uitests;
				SDKROOT = iphoneos;
				SWIFT_DEFAULT_ACTOR_ISOLATION = nonisolated;
				TARGETED_DEVICE_FAMILY = "1,2";
				TEST_TARGET_NAME = HWANGTODO;
			};
			name = Release;
		};
		8FE4D86A8D7C947A9F901551 /* Debug */ = {
			isa = XCBuildConfiguration;
			buildSettings = {
				ASSETCATALOG_COMPILER_APPICON_NAME = AppIcon;
				ASSETCATALOG_COMPILER_GLOBAL_ACCENT_COLOR_NAME = AccentColor;
				CODE_SIGN_ENTITLEMENTS = Sources/App/HWANGTODO.entitlements;
				CODE_SIGN_IDENTITY = "iPhone Developer";
				INFOPLIST_FILE = Sources/App/Info.plist;
				LD_RUNPATH_SEARCH_PATHS = (
					"$(inherited)",
					"@executable_path/Frameworks",
				);
				PRODUCT_BUNDLE_IDENTIFIER = com.hwangtodo.app;
				SDKROOT = iphoneos;
				TARGETED_DEVICE_FAMILY = "1,2";
			};
			name = Debug;
		};
		E895CD92162B5BA037E6C143 /* Release */ = {
			isa = XCBuildConfiguration;
			buildSettings = {
				CODE_SIGN_ENTITLEMENTS = Sources/Widgets/HWANGTODOWidgets.entitlements;
				INFOPLIST_FILE = Sources/Widgets/Info.plist;
				LD_RUNPATH_SEARCH_PATHS = (
					"$(inherited)",
					"@executable_path/Frameworks",
					"@executable_path/../../Frameworks",
				);
				PRODUCT_BUNDLE_IDENTIFIER = com.hwangtodo.app.widgets;
				SDKROOT = iphoneos;
				SKIP_INSTALL = YES;
				SWIFT_DEFAULT_ACTOR_ISOLATION = nonisolated;
				TARGETED_DEVICE_FAMILY = "1,2";
			};
			name = Release;
		};
		E8F4AAE8E37711873AA94663 /* Release */ = {
			isa = XCBuildConfiguration;
			buildSettings = {
				ALWAYS_SEARCH_USER_PATHS = NO;
				CLANG_ANALYZER_NONNULL = YES;
				CLANG_ANALYZER_NUMBER_OBJECT_CONVERSION = YES_AGGRESSIVE;
				CLANG_CXX_LANGUAGE_STANDARD = "gnu++14";
				CLANG_CXX_LIBRARY = "libc++";
				CLANG_ENABLE_MODULES = YES;
				CLANG_ENABLE_OBJC_ARC = YES;
				CLANG_ENABLE_OBJC_WEAK = YES;
				CLANG_WARN_BLOCK_CAPTURE_AUTORELEASING = YES;
				CLANG_WARN_BOOL_CONVERSION = YES;
				CLANG_WARN_COMMA = YES;
				CLANG_WARN_CONSTANT_CONVERSION = YES;
				CLANG_WARN_DEPRECATED_OBJC_IMPLEMENTATIONS = YES;
				CLANG_WARN_DIRECT_OBJC_ISA_USAGE = YES_ERROR;
				CLANG_WARN_DOCUMENTATION_COMMENTS = YES;
				CLANG_WARN_EMPTY_BODY = YES;
				CLANG_WARN_ENUM_CONVERSION = YES;
				CLANG_WARN_INFINITE_RECURSION = YES;
				CLANG_WARN_INT_CONVERSION = YES;
				CLANG_WARN_NON_LITERAL_NULL_CONVERSION = YES;
				CLANG_WARN_OBJC_IMPLICIT_RETAIN_SELF = YES;
				CLANG_WARN_OBJC_LITERAL_CONVERSION = YES;
				CLANG_WARN_OBJC_ROOT_CLASS = YES_ERROR;
				CLANG_WARN_QUOTED_INCLUDE_IN_FRAMEWORK_HEADER = YES;
				CLANG_WARN_RANGE_LOOP_ANALYSIS = YES;
				CLANG_WARN_STRICT_PROTOTYPES = YES;
				CLANG_WARN_SUSPICIOUS_MOVE = YES;
				CLANG_WARN_UNGUARDED_AVAILABILITY = YES_AGGRESSIVE;
				CLANG_WARN_UNREACHABLE_CODE = YES;
				CLANG_WARN__DUPLICATE_METHOD_MATCH = YES;
				CODE_SIGN_STYLE = Manual;
				COPY_PHASE_STRIP = NO;
				CURRENT_PROJECT_VERSION = 1;
				DEBUG_INFORMATION_FORMAT = "dwarf-with-dsym";
				ENABLE_NS_ASSERTIONS = NO;
				ENABLE_STRICT_OBJC_MSGSEND = YES;
				ENABLE_USER_SCRIPT_SANDBOXING = YES;
				GCC_C_LANGUAGE_STANDARD = gnu11;
				GCC_NO_COMMON_BLOCKS = YES;
				GCC_WARN_64_TO_32_BIT_CONVERSION = YES;
				GCC_WARN_ABOUT_RETURN_TYPE = YES_ERROR;
				GCC_WARN_UNDECLARED_SELECTOR = YES;
				GCC_WARN_UNINITIALIZED_AUTOS = YES_AGGRESSIVE;
				GCC_WARN_UNUSED_FUNCTION = YES;
				GCC_WARN_UNUSED_VARIABLE = YES;
				INFOPLIST_OUTPUT_FORMAT = xml;
				IPHONEOS_DEPLOYMENT_TARGET = 26.0;
				MARKETING_VERSION = 1.0;
				MTL_ENABLE_DEBUG_INFO = NO;
				MTL_FAST_MATH = YES;
				PRODUCT_NAME = "$(TARGET_NAME)";
				PROVISIONING_PROFILE_SPECIFIER = "";
				SDKROOT = iphoneos;
				SWIFT_APPROACHABLE_CONCURRENCY = YES;
				SWIFT_COMPILATION_MODE = wholemodule;
				SWIFT_DEFAULT_ACTOR_ISOLATION = MainActor;
				SWIFT_OPTIMIZATION_LEVEL = "-O";
				SWIFT_STRICT_CONCURRENCY = complete;
				SWIFT_VERSION = 6.0;
				TARGETED_DEVICE_FAMILY = "1,2";
			};
			name = Release;
		};
/* End XCBuildConfiguration section */

/* Begin XCConfigurationList section */
		11ACFA1DC2F5899B9A8AB140 /* Build configuration list for PBXProject "HWANGTODO" */ = {
			isa = XCConfigurationList;
			buildConfigurations = (
				037877EE3FBF95676C39DE25 /* Debug */,
				E8F4AAE8E37711873AA94663 /* Release */,
			);
			defaultConfigurationIsVisible = 0;
			defaultConfigurationName = Debug;
		};
		AA9EB44B74753DAC6FF4B293 /* Build configuration list for PBXNativeTarget "HWANGTODO" */ = {
			isa = XCConfigurationList;
			buildConfigurations = (
				8FE4D86A8D7C947A9F901551 /* Debug */,
				5D840BC5982730801CA071DF /* Release */,
			);
			defaultConfigurationIsVisible = 0;
			defaultConfigurationName = Debug;
		};
		C041B808CF30283BC67D174E /* Build configuration list for PBXNativeTarget "HWANGTODOUITests" */ = {
			isa = XCConfigurationList;
			buildConfigurations = (
				01C47BE8ACAB699FF1FBD397 /* Debug */,
				843D0FA7FCE6832BA5A56B65 /* Release */,
			);
			defaultConfigurationIsVisible = 0;
			defaultConfigurationName = Debug;
		};
		D1EEEC8508AD43C796C45C23 /* Build configuration list for PBXNativeTarget "HWANGTODOWidgets" */ = {
			isa = XCConfigurationList;
			buildConfigurations = (
				0BA96072A1FF0FC522BF42BA /* Debug */,
				E895CD92162B5BA037E6C143 /* Release */,
			);
			defaultConfigurationIsVisible = 0;
			defaultConfigurationName = Debug;
		};
/* End XCConfigurationList section */

/* Begin XCLocalSwiftPackageReference section */
		9F978E924E2613F6C1601D24 /* XCLocalSwiftPackageReference "Packages/HWANGTODOKit" */ = {
			isa = XCLocalSwiftPackageReference;
			relativePath = Packages/HWANGTODOKit;
		};
/* End XCLocalSwiftPackageReference section */

/* Begin XCSwiftPackageProductDependency section */
		53D5625AEF4117F80D925665 /* HWANGTODODesign */ = {
			isa = XCSwiftPackageProductDependency;
			productName = HWANGTODODesign;
		};
		743A5EFDBF1424277DAC5084 /* HWANGTODOCore */ = {
			isa = XCSwiftPackageProductDependency;
			productName = HWANGTODOCore;
		};
		A3350B988703452479B8A7E8 /* HWANGTODOCore */ = {
			isa = XCSwiftPackageProductDependency;
			productName = HWANGTODOCore;
		};
		E0FDBB4D7B5AF7B53AD4B516 /* HWANGTODODesign */ = {
			isa = XCSwiftPackageProductDependency;
			productName = HWANGTODODesign;
		};
/* End XCSwiftPackageProductDependency section */
	};
	rootObject = C5E69484661A7DCF23EB1773 /* Project object */;
}
